
Microsoft Visual Studio Solution File, Format Version 12.00
# Visual Studio Version 16
VisualStudioVersion = 16.0.33130.400
MinimumVisualStudioVersion = 10.0.40219.1
Project("{8BC9CEB8-8B4A-11D0-8D11-00A0C91BC942}") = "ConsoleApplication1", "ConsoleApplication1\ConsoleApplication1.vcxproj", "{BF116020-AE7C-46E0-848A-B255720B45D8}"
EndProject
Global
	GlobalSection(SolutionConfigurationPlatforms) = preSolution
		Debug|x64 = Debug|x64
		Debug|x86 = Debug|x86
		Release|x64 = Release|x64
		Release|x86 = Release|x86
	EndGlobalSection
	GlobalSection(ProjectConfigurationPlatforms) = postSolution
		{BF116020-AE7C-46E0-848A-B255720B45D8}.Debug|x64.ActiveCfg = Debug|x64
		{BF116020-AE7C-46E0-848A-B255720B45D8}.Debug|x64.Build.0 = Debug|x64
		{BF116020-AE7C-46E0-848A-B255720B45D8}.Debug|x86.ActiveCfg = Debug|Win32
		{BF116020-AE7C-46E0-848A-B255720B45D8}.Debug|x86.Build.0 = Debug|Win32
		{BF116020-AE7C-46E0-848A-B255720B45D8}.Release|x64.ActiveCfg = Release|x64
		{BF116020-AE7C-46E0-848A-B255720B45D8}.Release|x64.Build.0 = Release|x64
		{BF116020-AE7C-46E0-848A-B255720B45D8}.Release|x86.ActiveCfg = Release|Win32
		{BF116020-AE7C-46E0-848A-B255720B45D8}.Release|x86.Build.0 = Release|Win32
	EndGlobalSection
	GlobalSection(SolutionProperties) = preSolution
		HideSolutionNode = FALSE
	EndGlobalSection
	GlobalSection(ExtensibilityGlobals) = postSolution
		SolutionGuid = {4F2CFBAE-1445-48A5-B048-E98AD0D708C7}
	EndGlobalSection
EndGlobal
